
Microsoft Visual Studio Solution File, Format Version 12.00
# Visual Studio 15
VisualStudioVersion = 15.0.28307.572
MinimumVisualStudioVersion = 10.0.40219.1
Project("{8BC9CEB8-8B4A-11D0-8D11-00A0C91BC942}") = "mahowii", "mahowii\mahowii.vcxproj", "{C5F80730-F44F-4478-BDAE-6634EFC2CA88}"
EndProject
Project("{8BC9CEB8-8B4A-11D0-8D11-00A0C91BC942}") = "ESP8266FtpServer", "ESP8266FtpServer\ESP8266FtpServer.vcxitems", "{BBDBB199-3050-47C3-9947-A69D85CEDB63}"
EndProject
Project("{8BC9CEB8-8B4A-11D0-8D11-00A0C91BC942}") = "Ps3Controller", "Ps3Controller\Ps3Controller.vcxitems", "{FF1E6022-E1E9-4B29-99D8-872E36F9532B}"
EndProject
Global
	GlobalSection(SharedMSBuildProjectFiles) = preSolution
		ESP8266FtpServer\ESP8266FtpServer.vcxitems*{bbdbb199-3050-47c3-9947-a69d85cedb63}*SharedItemsImports = 9
		ESP8266FtpServer\ESP8266FtpServer.vcxitems*{c5f80730-f44f-4478-bdae-6634efc2ca88}*SharedItemsImports = 4
		Ps3Controller\Ps3Controller.vcxitems*{c5f80730-f44f-4478-bdae-6634efc2ca88}*SharedItemsImports = 4
		Ps3Controller\Ps3Controller.vcxitems*{ff1e6022-e1e9-4b29-99d8-872e36f9532b}*SharedItemsImports = 9
	EndGlobalSection
	GlobalSection(SolutionConfigurationPlatforms) = preSolution
		Debug|x86 = Debug|x86
		Release|x86 = Release|x86
	EndGlobalSection
	GlobalSection(ProjectConfigurationPlatforms) = postSolution
		{C5F80730-F44F-4478-BDAE-6634EFC2CA88}.Debug|x86.ActiveCfg = Debug|Win32
		{C5F80730-F44F-4478-BDAE-6634EFC2CA88}.Debug|x86.Build.0 = Debug|Win32
		{C5F80730-F44F-4478-BDAE-6634EFC2CA88}.Release|x86.ActiveCfg = Release|Win32
		{C5F80730-F44F-4478-BDAE-6634EFC2CA88}.Release|x86.Build.0 = Release|Win32
	EndGlobalSection
	GlobalSection(SolutionProperties) = preSolution
		HideSolutionNode = FALSE
	EndGlobalSection
	GlobalSection(ExtensibilityGlobals) = postSolution
		SolutionGuid = {85D239C8-829B-4D85-96B0-DDB3CC83F973}
	EndGlobalSection
EndGlobal
